
Microsoft Visual Studio Solution File, Format Version 12.00
# Visual Studio Version 16
VisualStudioVersion = 16.0.31005.135
MinimumVisualStudioVersion = 10.0.40219.1
Project("{FAE04EC0-301F-11D3-BF4B-00C04F79EFBC}") = "RegistrosConDetalle", "RegistrosConDetalle.csproj", "{8516D80E-8952-4223-BF0C-677C55DF0A37}"
EndProject
Global
	GlobalSection(SolutionConfigurationPlatforms) = preSolution
		Debug|Any CPU = Debug|Any CPU
		Release|Any CPU = Release|Any CPU
	EndGlobalSection
	GlobalSection(ProjectConfigurationPlatforms) = postSolution
		{8516D80E-8952-4223-BF0C-677C55DF0A37}.Debug|Any CPU.ActiveCfg = Debug|Any CPU
		{8516D80E-8952-4223-BF0C-677C55DF0A37}.Debug|Any CPU.Build.0 = Debug|Any CPU
		{8516D80E-8952-4223-BF0C-677C55DF0A37}.Release|Any CPU.ActiveCfg = Release|Any CPU
		{8516D80E-8952-4223-BF0C-677C55DF0A37}.Release|Any CPU.Build.0 = Release|Any CPU
	EndGlobalSection
	GlobalSection(SolutionProperties) = preSolution
		HideSolutionNode = FALSE
	EndGlobalSection
	GlobalSection(ExtensibilityGlobals) = postSolution
		SolutionGuid = {A0D3F5B5-BF51-4645-8AEF-BB486A16689A}
	EndGlobalSection
EndGlobal
